
Microsoft Visual Studio Solution File, Format Version 12.00
# Visual Studio 14
VisualStudioVersion = 14.0.22310.1
MinimumVisualStudioVersion = 10.0.40219.1
Project("{FAE04EC0-301F-11D3-BF4B-00C04F79EFBC}") = "TwitterSearch", "TwitterSearch\TwitterSearch.csproj", "{C507A0FE-BEC2-4378-A9C6-BCA97C8F7962}"
EndProject
Project("{2150E333-8FDC-42A3-9474-1A3956D46DE8}") = "TwitterSearch", "TwitterSearch", "{C646F17B-5C28-43EF-968A-DB40166A9143}"
EndProject
Project("{D954291E-2A0B-460D-934E-DC6B0785DB48}") = "TwitterSearch.Shared", "TwitterSearch.Shared\TwitterSearch.Shared.shproj", "{985EB996-064D-4D18-A4B4-BD38E9ECA950}"
EndProject
Project("{FAE04EC0-301F-11D3-BF4B-00C04F79EFBC}") = "TwitterSearch.Windows", "TwitterSearch.Windows\TwitterSearch.Windows.csproj", "{58E74550-0849-4A28-8D3F-472B4653EB9B}"
EndProject
Project("{FAE04EC0-301F-11D3-BF4B-00C04F79EFBC}") = "TwitterSearch.PCL", "TwitterSearch.PCL\TwitterSearch.PCL.csproj", "{3B751471-58B0-4A84-B23D-559BCEE9A672}"
EndProject
Global
	GlobalSection(SharedMSBuildProjectFiles) = preSolution
		TwitterSearch.Shared\TwitterSearch.Shared.projitems*{c507a0fe-bec2-4378-a9c6-bca97c8f7962}*SharedItemsImports = 4
		TwitterSearch.Shared\TwitterSearch.Shared.projitems*{58e74550-0849-4a28-8d3f-472b4653eb9b}*SharedItemsImports = 4
		TwitterSearch.Shared\TwitterSearch.Shared.projitems*{985eb996-064d-4d18-a4b4-bd38e9eca950}*SharedItemsImports = 13
	EndGlobalSection
	GlobalSection(SolutionConfigurationPlatforms) = preSolution
		Ad-Hoc|Any CPU = Ad-Hoc|Any CPU
		Ad-Hoc|ARM = Ad-Hoc|ARM
		Ad-Hoc|iPhone = Ad-Hoc|iPhone
		Ad-Hoc|iPhoneSimulator = Ad-Hoc|iPhoneSimulator
		Ad-Hoc|Mixed Platforms = Ad-Hoc|Mixed Platforms
		Ad-Hoc|x64 = Ad-Hoc|x64
		Ad-Hoc|x86 = Ad-Hoc|x86
		AppStore|Any CPU = AppStore|Any CPU
		AppStore|ARM = AppStore|ARM
		AppStore|iPhone = AppStore|iPhone
		AppStore|iPhoneSimulator = AppStore|iPhoneSimulator
		AppStore|Mixed Platforms = AppStore|Mixed Platforms
		AppStore|x64 = AppStore|x64
		AppStore|x86 = AppStore|x86
		Debug|Any CPU = Debug|Any CPU
		Debug|ARM = Debug|ARM
		Debug|iPhone = Debug|iPhone
		Debug|iPhoneSimulator = Debug|iPhoneSimulator
		Debug|Mixed Platforms = Debug|Mixed Platforms
		Debug|x64 = Debug|x64
		Debug|x86 = Debug|x86
		Release|Any CPU = Release|Any CPU
		Release|ARM = Release|ARM
		Release|iPhone = Release|iPhone
		Release|iPhoneSimulator = Release|iPhoneSimulator
		Release|Mixed Platforms = Release|Mixed Platforms
		Release|x64 = Release|x64
		Release|x86 = Release|x86
	EndGlobalSection
	GlobalSection(ProjectConfigurationPlatforms) = postSolution
		{C507A0FE-BEC2-4378-A9C6-BCA97C8F7962}.Ad-Hoc|Any CPU.ActiveCfg = Release|Any CPU
		{C507A0FE-BEC2-4378-A9C6-BCA97C8F7962}.Ad-Hoc|Any CPU.Build.0 = Release|Any CPU
		{C507A0FE-BEC2-4378-A9C6-BCA97C8F7962}.Ad-Hoc|Any CPU.Deploy.0 = Release|Any CPU
		{C507A0FE-BEC2-4378-A9C6-BCA97C8F7962}.Ad-Hoc|ARM.ActiveCfg = Release|ARM
		{C507A0FE-BEC2-4378-A9C6-BCA97C8F7962}.Ad-Hoc|ARM.Build.0 = Release|ARM
		{C507A0FE-BEC2-4378-A9C6-BCA97C8F7962}.Ad-Hoc|ARM.Deploy.0 = Release|ARM
		{C507A0FE-BEC2-4378-A9C6-BCA97C8F7962}.Ad-Hoc|iPhone.ActiveCfg = Release|Any CPU
		{C507A0FE-BEC2-4378-A9C6-BCA97C8F7962}.Ad-Hoc|iPhone.Build.0 = Release|Any CPU
		{C507A0FE-BEC2-4378-A9C6-BCA97C8F7962}.Ad-Hoc|iPhone.Deploy.0 = Release|Any CPU
		{C507A0FE-BEC2-4378-A9C6-BCA97C8F7962}.Ad-Hoc|iPhoneSimulator.ActiveCfg = Release|Any CPU
		{C507A0FE-BEC2-4378-A9C6-BCA97C8F7962}.Ad-Hoc|iPhoneSimulator.Build.0 = Release|Any CPU
		{C507A0FE-BEC2-4378-A9C6-BCA97C8F7962}.Ad-Hoc|iPhoneSimulator.Deploy.0 = Release|Any CPU
		{C507A0FE-BEC2-4378-A9C6-BCA97C8F7962}.Ad-Hoc|Mixed Platforms.ActiveCfg = Release|x86
		{C507A0FE-BEC2-4378-A9C6-BCA97C8F7962}.Ad-Hoc|Mixed Platforms.Build.0 = Release|x86
		{C507A0FE-BEC2-4378-A9C6-BCA97C8F7962}.Ad-Hoc|Mixed Platforms.Deploy.0 = Release|x86
		{C507A0FE-BEC2-4378-A9C6-BCA97C8F7962}.Ad-Hoc|x64.ActiveCfg = Debug|Any CPU
		{C507A0FE-BEC2-4378-A9C6-BCA97C8F7962}.Ad-Hoc|x64.Build.0 = Debug|Any CPU
		{C507A0FE-BEC2-4378-A9C6-BCA97C8F7962}.Ad-Hoc|x64.Deploy.0 = Debug|Any CPU
		{C507A0FE-BEC2-4378-A9C6-BCA97C8F7962}.Ad-Hoc|x86.ActiveCfg = Release|x86
		{C507A0FE-BEC2-4378-A9C6-BCA97C8F7962}.Ad-Hoc|x86.Build.0 = Release|x86
		{C507A0FE-BEC2-4378-A9C6-BCA97C8F7962}.Ad-Hoc|x86.Deploy.0 = Release|x86
		{C507A0FE-BEC2-4378-A9C6-BCA97C8F7962}.AppStore|Any CPU.ActiveCfg = Release|Any CPU
		{C507A0FE-BEC2-4378-A9C6-BCA97C8F7962}.AppStore|Any CPU.Build.0 = Release|Any CPU
		{C507A0FE-BEC2-4378-A9C6-BCA97C8F7962}.AppStore|Any CPU.Deploy.0 = Release|Any CPU
		{C507A0FE-BEC2-4378-A9C6-BCA97C8F7962}.AppStore|ARM.ActiveCfg = Release|ARM
		{C507A0FE-BEC2-4378-A9C6-BCA97C8F7962}.AppStore|ARM.Build.0 = Release|ARM
		{C507A0FE-BEC2-4378-A9C6-BCA97C8F7962}.AppStore|ARM.Deploy.0 = Release|ARM
		{C507A0FE-BEC2-4378-A9C6-BCA97C8F7962}.AppStore|iPhone.ActiveCfg = Release|Any CPU
		{C507A0FE-BEC2-4378-A9C6-BCA97C8F7962}.AppStore|iPhone.Build.0 = Release|Any CPU
		{C507A0FE-BEC2-4378-A9C6-BCA97C8F7962}.AppStore|iPhone.Deploy.0 = Release|Any CPU
		{C507A0FE-BEC2-4378-A9C6-BCA97C8F7962}.AppStore|iPhoneSimulator.ActiveCfg = Release|Any CPU
		{C507A0FE-BEC2-4378-A9C6-BCA97C8F7962}.AppStore|iPhoneSimulator.Build.0 = Release|Any CPU
		{C507A0FE-BEC2-4378-A9C6-BCA97C8F7962}.AppStore|iPhoneSimulator.Deploy.0 = Release|Any CPU
		{C507A0FE-BEC2-4378-A9C6-BCA97C8F7962}.AppStore|Mixed Platforms.ActiveCfg = Release|x86
		{C507A0FE-BEC2-4378-A9C6-BCA97C8F7962}.AppStore|Mixed Platforms.Build.0 = Release|x86
		{C507A0FE-BEC2-4378-A9C6-BCA97C8F7962}.AppStore|Mixed Platforms.Deploy.0 = Release|x86
		{C507A0FE-BEC2-4378-A9C6-BCA97C8F7962}.AppStore|x64.ActiveCfg = Debug|Any CPU
		{C507A0FE-BEC2-4378-A9C6-BCA97C8F7962}.AppStore|x64.Build.0 = Debug|Any CPU
		{C507A0FE-BEC2-4378-A9C6-BCA97C8F7962}.AppStore|x64.Deploy.0 = Debug|Any CPU
		{C507A0FE-BEC2-4378-A9C6-BCA97C8F7962}.AppStore|x86.ActiveCfg = Release|x86
		{C507A0FE-BEC2-4378-A9C6-BCA97C8F7962}.AppStore|x86.Build.0 = Release|x86
		{C507A0FE-BEC2-4378-A9C6-BCA97C8F7962}.AppStore|x86.Deploy.0 = Release|x86
		{C507A0FE-BEC2-4378-A9C6-BCA97C8F7962}.Debug|Any CPU.ActiveCfg = Debug|Any CPU
		{C507A0FE-BEC2-4378-A9C6-BCA97C8F7962}.Debug|Any CPU.Build.0 = Debug|Any CPU
		{C507A0FE-BEC2-4378-A9C6-BCA97C8F7962}.Debug|Any CPU.Deploy.0 = Debug|Any CPU
		{C507A0FE-BEC2-4378-A9C6-BCA97C8F7962}.Debug|ARM.ActiveCfg = Debug|ARM
		{C507A0FE-BEC2-4378-A9C6-BCA97C8F7962}.Debug|ARM.Build.0 = Debug|ARM
		{C507A0FE-BEC2-4378-A9C6-BCA97C8F7962}.Debug|ARM.Deploy.0 = Debug|ARM
		{C507A0FE-BEC2-4378-A9C6-BCA97C8F7962}.Debug|iPhone.ActiveCfg = Debug|Any CPU
		{C507A0FE-BEC2-4378-A9C6-BCA97C8F7962}.Debug|iPhone.Build.0 = Debug|Any CPU
		{C507A0FE-BEC2-4378-A9C6-BCA97C8F7962}.Debug|iPhone.Deploy.0 = Debug|Any CPU
		{C507A0FE-BEC2-4378-A9C6-BCA97C8F7962}.Debug|iPhoneSimulator.ActiveCfg = Debug|Any CPU
		{C507A0FE-BEC2-4378-A9C6-BCA97C8F7962}.Debug|iPhoneSimulator.Build.0 = Debug|Any CPU
		{C507A0FE-BEC2-4378-A9C6-BCA97C8F7962}.Debug|iPhoneSimulator.Deploy.0 = Debug|Any CPU
		{C507A0FE-BEC2-4378-A9C6-BCA97C8F7962}.Debug|Mixed Platforms.ActiveCfg = Debug|x86
		{C507A0FE-BEC2-4378-A9C6-BCA97C8F7962}.Debug|Mixed Platforms.Build.0 = Debug|x86
		{C507A0FE-BEC2-4378-A9C6-BCA97C8F7962}.Debug|Mixed Platforms.Deploy.0 = Debug|x86
		{C507A0FE-BEC2-4378-A9C6-BCA97C8F7962}.Debug|x64.ActiveCfg = Debug|Any CPU
		{C507A0FE-BEC2-4378-A9C6-BCA97C8F7962}.Debug|x64.Build.0 = Debug|Any CPU
		{C507A0FE-BEC2-4378-A9C6-BCA97C8F7962}.Debug|x64.Deploy.0 = Debug|Any CPU
		{C507A0FE-BEC2-4378-A9C6-BCA97C8F7962}.Debug|x86.ActiveCfg = Debug|x86
		{C507A0FE-BEC2-4378-A9C6-BCA97C8F7962}.Debug|x86.Build.0 = Debug|x86
		{C507A0FE-BEC2-4378-A9C6-BCA97C8F7962}.Debug|x86.Deploy.0 = Debug|x86
		{C507A0FE-BEC2-4378-A9C6-BCA97C8F7962}.Release|Any CPU.ActiveCfg = Release|Any CPU
		{C507A0FE-BEC2-4378-A9C6-BCA97C8F7962}.Release|Any CPU.Build.0 = Release|Any CPU
		{C507A0FE-BEC2-4378-A9C6-BCA97C8F7962}.Release|Any CPU.Deploy.0 = Release|Any CPU
		{C507A0FE-BEC2-4378-A9C6-BCA97C8F7962}.Release|ARM.ActiveCfg = Release|ARM
		{C507A0FE-BEC2-4378-A9C6-BCA97C8F7962}.Release|ARM.Build.0 = Release|ARM
		{C507A0FE-BEC2-4378-A9C6-BCA97C8F7962}.Release|ARM.Deploy.0 = Release|ARM
		{C507A0FE-BEC2-4378-A9C6-BCA97C8F7962}.Release|iPhone.ActiveCfg = Release|Any CPU
		{C507A0FE-BEC2-4378-A9C6-BCA97C8F7962}.Release|iPhone.Build.0 = Release|Any CPU
		{C507A0FE-BEC2-4378-A9C6-BCA97C8F7962}.Release|iPhone.Deploy.0 = Release|Any CPU
		{C507A0FE-BEC2-4378-A9C6-BCA97C8F7962}.Release|iPhoneSimulator.ActiveCfg = Release|Any CPU
		{C507A0FE-BEC2-4378-A9C6-BCA97C8F7962}.Release|iPhoneSimulator.Build.0 = Release|Any CPU
		{C507A0FE-BEC2-4378-A9C6-BCA97C8F7962}.Release|iPhoneSimulator.Deploy.0 = Release|Any CPU
		{C507A0FE-BEC2-4378-A9C6-BCA97C8F7962}.Release|Mixed Platforms.ActiveCfg = Release|x86
		{C507A0FE-BEC2-4378-A9C6-BCA97C8F7962}.Release|Mixed Platforms.Build.0 = Release|x86
		{C507A0FE-BEC2-4378-A9C6-BCA97C8F7962}.Release|Mixed Platforms.Deploy.0 = Release|x86
		{C507A0FE-BEC2-4378-A9C6-BCA97C8F7962}.Release|x64.ActiveCfg = Release|Any CPU
		{C507A0FE-BEC2-4378-A9C6-BCA97C8F7962}.Release|x64.Build.0 = Release|Any CPU
		{C507A0FE-BEC2-4378-A9C6-BCA97C8F7962}.Release|x64.Deploy.0 = Release|Any CPU
		{C507A0FE-BEC2-4378-A9C6-BCA97C8F7962}.Release|x86.ActiveCfg = Release|x86
		{C507A0FE-BEC2-4378-A9C6-BCA97C8F7962}.Release|x86.Build.0 = Release|x86
		{C507A0FE-BEC2-4378-A9C6-BCA97C8F7962}.Release|x86.Deploy.0 = Release|x86
		{58E74550-0849-4A28-8D3F-472B4653EB9B}.Ad-Hoc|Any CPU.ActiveCfg = Release|Any CPU
		{58E74550-0849-4A28-8D3F-472B4653EB9B}.Ad-Hoc|Any CPU.Build.0 = Release|Any CPU
		{58E74550-0849-4A28-8D3F-472B4653EB9B}.Ad-Hoc|Any CPU.Deploy.0 = Release|Any CPU
		{58E74550-0849-4A28-8D3F-472B4653EB9B}.Ad-Hoc|ARM.ActiveCfg = Release|ARM
		{58E74550-0849-4A28-8D3F-472B4653EB9B}.Ad-Hoc|ARM.Build.0 = Release|ARM
		{58E74550-0849-4A28-8D3F-472B4653EB9B}.Ad-Hoc|ARM.Deploy.0 = Release|ARM
		{58E74550-0849-4A28-8D3F-472B4653EB9B}.Ad-Hoc|iPhone.ActiveCfg = Release|Any CPU
		{58E74550-0849-4A28-8D3F-472B4653EB9B}.Ad-Hoc|iPhone.Build.0 = Release|Any CPU
		{58E74550-0849-4A28-8D3F-472B4653EB9B}.Ad-Hoc|iPhone.Deploy.0 = Release|Any CPU
		{58E74550-0849-4A28-8D3F-472B4653EB9B}.Ad-Hoc|iPhoneSimulator.ActiveCfg = Release|Any CPU
		{58E74550-0849-4A28-8D3F-472B4653EB9B}.Ad-Hoc|iPhoneSimulator.Build.0 = Release|Any CPU
		{58E74550-0849-4A28-8D3F-472B4653EB9B}.Ad-Hoc|iPhoneSimulator.Deploy.0 = Release|Any CPU
		{58E74550-0849-4A28-8D3F-472B4653EB9B}.Ad-Hoc|Mixed Platforms.ActiveCfg = Release|x86
		{58E74550-0849-4A28-8D3F-472B4653EB9B}.Ad-Hoc|Mixed Platforms.Build.0 = Release|x86
		{58E74550-0849-4A28-8D3F-472B4653EB9B}.Ad-Hoc|Mixed Platforms.Deploy.0 = Release|x86
		{58E74550-0849-4A28-8D3F-472B4653EB9B}.Ad-Hoc|x64.ActiveCfg = Release|x64
		{58E74550-0849-4A28-8D3F-472B4653EB9B}.Ad-Hoc|x64.Build.0 = Release|x64
		{58E74550-0849-4A28-8D3F-472B4653EB9B}.Ad-Hoc|x64.Deploy.0 = Release|x64
		{58E74550-0849-4A28-8D3F-472B4653EB9B}.Ad-Hoc|x86.ActiveCfg = Release|x86
		{58E74550-0849-4A28-8D3F-472B4653EB9B}.Ad-Hoc|x86.Build.0 = Release|x86
		{58E74550-0849-4A28-8D3F-472B4653EB9B}.Ad-Hoc|x86.Deploy.0 = Release|x86
		{58E74550-0849-4A28-8D3F-472B4653EB9B}.AppStore|Any CPU.ActiveCfg = Release|Any CPU
		{58E74550-0849-4A28-8D3F-472B4653EB9B}.AppStore|Any CPU.Build.0 = Release|Any CPU
		{58E74550-0849-4A28-8D3F-472B4653EB9B}.AppStore|Any CPU.Deploy.0 = Release|Any CPU
		{58E74550-0849-4A28-8D3F-472B4653EB9B}.AppStore|ARM.ActiveCfg = Release|ARM
		{58E74550-0849-4A28-8D3F-472B4653EB9B}.AppStore|ARM.Build.0 = Release|ARM
		{58E74550-0849-4A28-8D3F-472B4653EB9B}.AppStore|ARM.Deploy.0 = Release|ARM
		{58E74550-0849-4A28-8D3F-472B4653EB9B}.AppStore|iPhone.ActiveCfg = Release|Any CPU
		{58E74550-0849-4A28-8D3F-472B4653EB9B}.AppStore|iPhone.Build.0 = Release|Any CPU
		{58E74550-0849-4A28-8D3F-472B4653EB9B}.AppStore|iPhone.Deploy.0 = Release|Any CPU
		{58E74550-0849-4A28-8D3F-472B4653EB9B}.AppStore|iPhoneSimulator.ActiveCfg = Release|Any CPU
		{58E74550-0849-4A28-8D3F-472B4653EB9B}.AppStore|iPhoneSimulator.Build.0 = Release|Any CPU
		{58E74550-0849-4A28-8D3F-472B4653EB9B}.AppStore|iPhoneSimulator.Deploy.0 = Release|Any CPU
		{58E74550-0849-4A28-8D3F-472B4653EB9B}.AppStore|Mixed Platforms.ActiveCfg = Release|x86
		{58E74550-0849-4A28-8D3F-472B4653EB9B}.AppStore|Mixed Platforms.Build.0 = Release|x86
		{58E74550-0849-4A28-8D3F-472B4653EB9B}.AppStore|Mixed Platforms.Deploy.0 = Release|x86
		{58E74550-0849-4A28-8D3F-472B4653EB9B}.AppStore|x64.ActiveCfg = Release|x64
		{58E74550-0849-4A28-8D3F-472B4653EB9B}.AppStore|x64.Build.0 = Release|x64
		{58E74550-0849-4A28-8D3F-472B4653EB9B}.AppStore|x64.Deploy.0 = Release|x64
		{58E74550-0849-4A28-8D3F-472B4653EB9B}.AppStore|x86.ActiveCfg = Release|x86
		{58E74550-0849-4A28-8D3F-472B4653EB9B}.AppStore|x86.Build.0 = Release|x86
		{58E74550-0849-4A28-8D3F-472B4653EB9B}.AppStore|x86.Deploy.0 = Release|x86
		{58E74550-0849-4A28-8D3F-472B4653EB9B}.Debug|Any CPU.ActiveCfg = Debug|Any CPU
		{58E74550-0849-4A28-8D3F-472B4653EB9B}.Debug|Any CPU.Build.0 = Debug|Any CPU
		{58E74550-0849-4A28-8D3F-472B4653EB9B}.Debug|Any CPU.Deploy.0 = Debug|Any CPU
		{58E74550-0849-4A28-8D3F-472B4653EB9B}.Debug|ARM.ActiveCfg = Debug|ARM
		{58E74550-0849-4A28-8D3F-472B4653EB9B}.Debug|ARM.Build.0 = Debug|ARM
		{58E74550-0849-4A28-8D3F-472B4653EB9B}.Debug|ARM.Deploy.0 = Debug|ARM
		{58E74550-0849-4A28-8D3F-472B4653EB9B}.Debug|iPhone.ActiveCfg = Debug|Any CPU
		{58E74550-0849-4A28-8D3F-472B4653EB9B}.Debug|iPhone.Build.0 = Debug|Any CPU
		{58E74550-0849-4A28-8D3F-472B4653EB9B}.Debug|iPhone.Deploy.0 = Debug|Any CPU
		{58E74550-0849-4A28-8D3F-472B4653EB9B}.Debug|iPhoneSimulator.ActiveCfg = Debug|Any CPU
		{58E74550-0849-4A28-8D3F-472B4653EB9B}.Debug|iPhoneSimulator.Build.0 = Debug|Any CPU
		{58E74550-0849-4A28-8D3F-472B4653EB9B}.Debug|iPhoneSimulator.Deploy.0 = Debug|Any CPU
		{58E74550-0849-4A28-8D3F-472B4653EB9B}.Debug|Mixed Platforms.ActiveCfg = Debug|x86
		{58E74550-0849-4A28-8D3F-472B4653EB9B}.Debug|Mixed Platforms.Build.0 = Debug|x86
		{58E74550-0849-4A28-8D3F-472B4653EB9B}.Debug|Mixed Platforms.Deploy.0 = Debug|x86
		{58E74550-0849-4A28-8D3F-472B4653EB9B}.Debug|x64.ActiveCfg = Debug|x64
		{58E74550-0849-4A28-8D3F-472B4653EB9B}.Debug|x64.Build.0 = Debug|x64
		{58E74550-0849-4A28-8D3F-472B4653EB9B}.Debug|x64.Deploy.0 = Debug|x64
		{58E74550-0849-4A28-8D3F-472B4653EB9B}.Debug|x86.ActiveCfg = Debug|x86
		{58E74550-0849-4A28-8D3F-472B4653EB9B}.Debug|x86.Build.0 = Debug|x86
		{58E74550-0849-4A28-8D3F-472B4653EB9B}.Debug|x86.Deploy.0 = Debug|x86
		{58E74550-0849-4A28-8D3F-472B4653EB9B}.Release|Any CPU.ActiveCfg = Release|Any CPU
		{58E74550-0849-4A28-8D3F-472B4653EB9B}.Release|Any CPU.Build.0 = Release|Any CPU
		{58E74550-0849-4A28-8D3F-472B4653EB9B}.Release|Any CPU.Deploy.0 = Release|Any CPU
		{58E74550-0849-4A28-8D3F-472B4653EB9B}.Release|ARM.ActiveCfg = Release|ARM
		{58E74550-0849-4A28-8D3F-472B4653EB9B}.Release|ARM.Build.0 = Release|ARM
		{58E74550-0849-4A28-8D3F-472B4653EB9B}.Release|ARM.Deploy.0 = Release|ARM
		{58E74550-0849-4A28-8D3F-472B4653EB9B}.Release|iPhone.ActiveCfg = Release|Any CPU
		{58E74550-0849-4A28-8D3F-472B4653EB9B}.Release|iPhone.Build.0 = Release|Any CPU
		{58E74550-0849-4A28-8D3F-472B4653EB9B}.Release|iPhone.Deploy.0 = Release|Any CPU
		{58E74550-0849-4A28-8D3F-472B4653EB9B}.Release|iPhoneSimulator.ActiveCfg = Release|Any CPU
		{58E74550-0849-4A28-8D3F-472B4653EB9B}.Release|iPhoneSimulator.Build.0 = Release|Any CPU
		{58E74550-0849-4A28-8D3F-472B4653EB9B}.Release|iPhoneSimulator.Deploy.0 = Release|Any CPU
		{58E74550-0849-4A28-8D3F-472B4653EB9B}.Release|Mixed Platforms.ActiveCfg = Release|x86
		{58E74550-0849-4A28-8D3F-472B4653EB9B}.Release|Mixed Platforms.Build.0 = Release|x86
		{58E74550-0849-4A28-8D3F-472B4653EB9B}.Release|Mixed Platforms.Deploy.0 = Release|x86
		{58E74550-0849-4A28-8D3F-472B4653EB9B}.Release|x64.ActiveCfg = Release|x64
		{58E74550-0849-4A28-8D3F-472B4653EB9B}.Release|x64.Build.0 = Release|x64
		{58E74550-0849-4A28-8D3F-472B4653EB9B}.Release|x64.Deploy.0 = Release|x64
		{58E74550-0849-4A28-8D3F-472B4653EB9B}.Release|x86.ActiveCfg = Release|x86
		{58E74550-0849-4A28-8D3F-472B4653EB9B}.Release|x86.Build.0 = Release|x86
		{58E74550-0849-4A28-8D3F-472B4653EB9B}.Release|x86.Deploy.0 = Release|x86
		{3B751471-58B0-4A84-B23D-559BCEE9A672}.Ad-Hoc|Any CPU.ActiveCfg = Release|Any CPU
		{3B751471-58B0-4A84-B23D-559BCEE9A672}.Ad-Hoc|Any CPU.Build.0 = Release|Any CPU
		{3B751471-58B0-4A84-B23D-559BCEE9A672}.Ad-Hoc|ARM.ActiveCfg = Release|Any CPU
		{3B751471-58B0-4A84-B23D-559BCEE9A672}.Ad-Hoc|ARM.Build.0 = Release|Any CPU
		{3B751471-58B0-4A84-B23D-559BCEE9A672}.Ad-Hoc|iPhone.ActiveCfg = Release|Any CPU
		{3B751471-58B0-4A84-B23D-559BCEE9A672}.Ad-Hoc|iPhone.Build.0 = Release|Any CPU
		{3B751471-58B0-4A84-B23D-559BCEE9A672}.Ad-Hoc|iPhoneSimulator.ActiveCfg = Release|Any CPU
		{3B751471-58B0-4A84-B23D-559BCEE9A672}.Ad-Hoc|iPhoneSimulator.Build.0 = Release|Any CPU
		{3B751471-58B0-4A84-B23D-559BCEE9A672}.Ad-Hoc|Mixed Platforms.ActiveCfg = Release|Any CPU
		{3B751471-58B0-4A84-B23D-559BCEE9A672}.Ad-Hoc|Mixed Platforms.Build.0 = Release|Any CPU
		{3B751471-58B0-4A84-B23D-559BCEE9A672}.Ad-Hoc|x64.ActiveCfg = Release|Any CPU
		{3B751471-58B0-4A84-B23D-559BCEE9A672}.Ad-Hoc|x64.Build.0 = Release|Any CPU
		{3B751471-58B0-4A84-B23D-559BCEE9A672}.Ad-Hoc|x86.ActiveCfg = Release|Any CPU
		{3B751471-58B0-4A84-B23D-559BCEE9A672}.Ad-Hoc|x86.Build.0 = Release|Any CPU
		{3B751471-58B0-4A84-B23D-559BCEE9A672}.AppStore|Any CPU.ActiveCfg = Release|Any CPU
		{3B751471-58B0-4A84-B23D-559BCEE9A672}.AppStore|Any CPU.Build.0 = Release|Any CPU
		{3B751471-58B0-4A84-B23D-559BCEE9A672}.AppStore|ARM.ActiveCfg = Release|Any CPU
		{3B751471-58B0-4A84-B23D-559BCEE9A672}.AppStore|ARM.Build.0 = Release|Any CPU
		{3B751471-58B0-4A84-B23D-559BCEE9A672}.AppStore|iPhone.ActiveCfg = Release|Any CPU
		{3B751471-58B0-4A84-B23D-559BCEE9A672}.AppStore|iPhone.Build.0 = Release|Any CPU
		{3B751471-58B0-4A84-B23D-559BCEE9A672}.AppStore|iPhoneSimulator.ActiveCfg = Release|Any CPU
		{3B751471-58B0-4A84-B23D-559BCEE9A672}.AppStore|iPhoneSimulator.Build.0 = Release|Any CPU
		{3B751471-58B0-4A84-B23D-559BCEE9A672}.AppStore|Mixed Platforms.ActiveCfg = Release|Any CPU
		{3B751471-58B0-4A84-B23D-559BCEE9A672}.AppStore|Mixed Platforms.Build.0 = Release|Any CPU
		{3B751471-58B0-4A84-B23D-559BCEE9A672}.AppStore|x64.ActiveCfg = Release|Any CPU
		{3B751471-58B0-4A84-B23D-559BCEE9A672}.AppStore|x64.Build.0 = Release|Any CPU
		{3B751471-58B0-4A84-B23D-559BCEE9A672}.AppStore|x86.ActiveCfg = Release|Any CPU
		{3B751471-58B0-4A84-B23D-559BCEE9A672}.AppStore|x86.Build.0 = Release|Any CPU
		{3B751471-58B0-4A84-B23D-559BCEE9A672}.Debug|Any CPU.ActiveCfg = Debug|Any CPU
		{3B751471-58B0-4A84-B23D-559BCEE9A672}.Debug|Any CPU.Build.0 = Debug|Any CPU
		{3B751471-58B0-4A84-B23D-559BCEE9A672}.Debug|ARM.ActiveCfg = Debug|Any CPU
		{3B751471-58B0-4A84-B23D-559BCEE9A672}.Debug|ARM.Build.0 = Debug|Any CPU
		{3B751471-58B0-4A84-B23D-559BCEE9A672}.Debug|iPhone.ActiveCfg = Debug|Any CPU
		{3B751471-58B0-4A84-B23D-559BCEE9A672}.Debug|iPhone.Build.0 = Debug|Any CPU
		{3B751471-58B0-4A84-B23D-559BCEE9A672}.Debug|iPhoneSimulator.ActiveCfg = Debug|Any CPU
		{3B751471-58B0-4A84-B23D-559BCEE9A672}.Debug|iPhoneSimulator.Build.0 = Debug|Any CPU
		{3B751471-58B0-4A84-B23D-559BCEE9A672}.Debug|Mixed Platforms.ActiveCfg = Debug|Any CPU
		{3B751471-58B0-4A84-B23D-559BCEE9A672}.Debug|Mixed Platforms.Build.0 = Debug|Any CPU
		{3B751471-58B0-4A84-B23D-559BCEE9A672}.Debug|x64.ActiveCfg = Debug|Any CPU
		{3B751471-58B0-4A84-B23D-559BCEE9A672}.Debug|x64.Build.0 = Debug|Any CPU
		{3B751471-58B0-4A84-B23D-559BCEE9A672}.Debug|x86.ActiveCfg = Debug|Any CPU
		{3B751471-58B0-4A84-B23D-559BCEE9A672}.Debug|x86.Build.0 = Debug|Any CPU
		{3B751471-58B0-4A84-B23D-559BCEE9A672}.Release|Any CPU.ActiveCfg = Release|Any CPU
		{3B751471-58B0-4A84-B23D-559BCEE9A672}.Release|Any CPU.Build.0 = Release|Any CPU
		{3B751471-58B0-4A84-B23D-559BCEE9A672}.Release|ARM.ActiveCfg = Release|Any CPU
		{3B751471-58B0-4A84-B23D-559BCEE9A672}.Release|ARM.Build.0 = Release|Any CPU
		{3B751471-58B0-4A84-B23D-559BCEE9A672}.Release|iPhone.ActiveCfg = Release|Any CPU
		{3B751471-58B0-4A84-B23D-559BCEE9A672}.Release|iPhone.Build.0 = Release|Any CPU
		{3B751471-58B0-4A84-B23D-559BCEE9A672}.Release|iPhoneSimulator.ActiveCfg = Release|Any CPU
		{3B751471-58B0-4A84-B23D-559BCEE9A672}.Release|iPhoneSimulator.Build.0 = Release|Any CPU
		{3B751471-58B0-4A84-B23D-559BCEE9A672}.Release|Mixed Platforms.ActiveCfg = Release|Any CPU
		{3B751471-58B0-4A84-B23D-559BCEE9A672}.Release|Mixed Platforms.Build.0 = Release|Any CPU
		{3B751471-58B0-4A84-B23D-559BCEE9A672}.Release|x64.ActiveCfg = Release|Any CPU
		{3B751471-58B0-4A84-B23D-559BCEE9A672}.Release|x64.Build.0 = Release|Any CPU
		{3B751471-58B0-4A84-B23D-559BCEE9A672}.Release|x86.ActiveCfg = Release|Any CPU
		{3B751471-58B0-4A84-B23D-559BCEE9A672}.Release|x86.Build.0 = Release|Any CPU
	EndGlobalSection
	GlobalSection(SolutionProperties) = preSolution
		HideSolutionNode = FALSE
	EndGlobalSection
	GlobalSection(NestedProjects) = preSolution
		{C507A0FE-BEC2-4378-A9C6-BCA97C8F7962} = {C646F17B-5C28-43EF-968A-DB40166A9143}
		{985EB996-064D-4D18-A4B4-BD38E9ECA950} = {C646F17B-5C28-43EF-968A-DB40166A9143}
		{58E74550-0849-4A28-8D3F-472B4653EB9B} = {C646F17B-5C28-43EF-968A-DB40166A9143}
	EndGlobalSection
EndGlobal
